
Microsoft Visual Studio Solution File, Format Version 12.00
# Visual Studio Version 17
VisualStudioVersion = 17.0.31903.59
MinimumVisualStudioVersion = 10.0.40219.1
Project("{FAE04EC0-301F-11D3-BF4B-00C04F79EFBC}") = "FileBasics", "FileBasics\FileBasics.csproj", "{E43B377A-FCFF-495D-B63B-58D9FE2EF185}"
EndProject
Project("{FAE04EC0-301F-11D3-BF4B-00C04F79EFBC}") = "Runner", "Runner\Runner.csproj", "{FF7418AB-0FC5-4FD1-86AA-2D8D424C3228}"
EndProject
Project("{FAE04EC0-301F-11D3-BF4B-00C04F79EFBC}") = "FileBasics.Test", "FileBasics.Test\FileBasics.Test.csproj", "{D29C6A35-C103-418C-8CA8-5E6289AA2AE4}"
EndProject
Project("{FAE04EC0-301F-11D3-BF4B-00C04F79EFBC}") = "EntityFrameworkBasics", "EntityFrameworkBasics\EntityFrameworkBasics.csproj", "{C8E35E9B-B755-4469-90E3-8B9CD36C8ACE}"
EndProject
Project("{FAE04EC0-301F-11D3-BF4B-00C04F79EFBC}") = "EntityFrameworkBasics.Test", "EntityFrameworkBasics.Test\EntityFrameworkBasics.Test.csproj", "{D3DBE5B5-9B43-42D6-984F-4831392F3CEF}"
EndProject
Global
	GlobalSection(SolutionConfigurationPlatforms) = preSolution
		Debug|Any CPU = Debug|Any CPU
		Release|Any CPU = Release|Any CPU
	EndGlobalSection
	GlobalSection(SolutionProperties) = preSolution
		HideSolutionNode = FALSE
	EndGlobalSection
	GlobalSection(ProjectConfigurationPlatforms) = postSolution
		{E43B377A-FCFF-495D-B63B-58D9FE2EF185}.Debug|Any CPU.ActiveCfg = Debug|Any CPU
		{E43B377A-FCFF-495D-B63B-58D9FE2EF185}.Debug|Any CPU.Build.0 = Debug|Any CPU
		{E43B377A-FCFF-495D-B63B-58D9FE2EF185}.Release|Any CPU.ActiveCfg = Release|Any CPU
		{E43B377A-FCFF-495D-B63B-58D9FE2EF185}.Release|Any CPU.Build.0 = Release|Any CPU
		{FF7418AB-0FC5-4FD1-86AA-2D8D424C3228}.Debug|Any CPU.ActiveCfg = Debug|Any CPU
		{FF7418AB-0FC5-4FD1-86AA-2D8D424C3228}.Debug|Any CPU.Build.0 = Debug|Any CPU
		{FF7418AB-0FC5-4FD1-86AA-2D8D424C3228}.Release|Any CPU.ActiveCfg = Release|Any CPU
		{FF7418AB-0FC5-4FD1-86AA-2D8D424C3228}.Release|Any CPU.Build.0 = Release|Any CPU
		{D29C6A35-C103-418C-8CA8-5E6289AA2AE4}.Debug|Any CPU.ActiveCfg = Debug|Any CPU
		{D29C6A35-C103-418C-8CA8-5E6289AA2AE4}.Debug|Any CPU.Build.0 = Debug|Any CPU
		{D29C6A35-C103-418C-8CA8-5E6289AA2AE4}.Release|Any CPU.ActiveCfg = Release|Any CPU
		{D29C6A35-C103-418C-8CA8-5E6289AA2AE4}.Release|Any CPU.Build.0 = Release|Any CPU
		{C8E35E9B-B755-4469-90E3-8B9CD36C8ACE}.Debug|Any CPU.ActiveCfg = Debug|Any CPU
		{C8E35E9B-B755-4469-90E3-8B9CD36C8ACE}.Debug|Any CPU.Build.0 = Debug|Any CPU
		{C8E35E9B-B755-4469-90E3-8B9CD36C8ACE}.Release|Any CPU.ActiveCfg = Release|Any CPU
		{C8E35E9B-B755-4469-90E3-8B9CD36C8ACE}.Release|Any CPU.Build.0 = Release|Any CPU
		{D3DBE5B5-9B43-42D6-984F-4831392F3CEF}.Debug|Any CPU.ActiveCfg = Debug|Any CPU
		{D3DBE5B5-9B43-42D6-984F-4831392F3CEF}.Debug|Any CPU.Build.0 = Debug|Any CPU
		{D3DBE5B5-9B43-42D6-984F-4831392F3CEF}.Release|Any CPU.ActiveCfg = Release|Any CPU
		{D3DBE5B5-9B43-42D6-984F-4831392F3CEF}.Release|Any CPU.Build.0 = Release|Any CPU
	EndGlobalSection
EndGlobal
